
Microsoft Visual Studio Solution File, Format Version 12.00
# Visual Studio Version 17
VisualStudioVersion = 17.10.35027.167
MinimumVisualStudioVersion = 10.0.40219.1
Project("{9A19103F-16F7-4668-BE54-9A1E7A4F7556}") = "ProjectMarvin", "ProjectMarvin.csproj", "{A70322E1-95E6-43CE-AD73-0FC6EEC68414}"
EndProject
Global
	GlobalSection(SolutionConfigurationPlatforms) = preSolution
		Debug|Any CPU = Debug|Any CPU
		Release|Any CPU = Release|Any CPU
	EndGlobalSection
	GlobalSection(ProjectConfigurationPlatforms) = postSolution
		{A70322E1-95E6-43CE-AD73-0FC6EEC68414}.Debug|Any CPU.ActiveCfg = Debug|Any CPU
		{A70322E1-95E6-43CE-AD73-0FC6EEC68414}.Debug|Any CPU.Build.0 = Debug|Any CPU
		{A70322E1-95E6-43CE-AD73-0FC6EEC68414}.Release|Any CPU.ActiveCfg = Release|Any CPU
		{A70322E1-95E6-43CE-AD73-0FC6EEC68414}.Release|Any CPU.Build.0 = Release|Any CPU
	EndGlobalSection
	GlobalSection(SolutionProperties) = preSolution
		HideSolutionNode = FALSE
	EndGlobalSection
	GlobalSection(ExtensibilityGlobals) = postSolution
		SolutionGuid = {62E3B8CA-D055-43DD-A93A-B44D55B6D10A}
	EndGlobalSection
EndGlobal
